
Microsoft Visual Studio Solution File, Format Version 12.00
# Visual Studio Version 16
VisualStudioVersion = 16.0.29020.237
MinimumVisualStudioVersion = 10.0.40219.1
Project("{FAE04EC0-301F-11D3-BF4B-00C04F79EFBC}") = "Course2Test", "Course2Test\Course2Test.csproj", "{D32456CF-DB98-4F45-9765-0173694A96C5}"
EndProject
Global
	GlobalSection(SolutionConfigurationPlatforms) = preSolution
		Debug|Any CPU = Debug|Any CPU
		Release|Any CPU = Release|Any CPU
	EndGlobalSection
	GlobalSection(ProjectConfigurationPlatforms) = postSolution
		{D32456CF-DB98-4F45-9765-0173694A96C5}.Debug|Any CPU.ActiveCfg = Debug|Any CPU
		{D32456CF-DB98-4F45-9765-0173694A96C5}.Debug|Any CPU.Build.0 = Debug|Any CPU
		{D32456CF-DB98-4F45-9765-0173694A96C5}.Release|Any CPU.ActiveCfg = Release|Any CPU
		{D32456CF-DB98-4F45-9765-0173694A96C5}.Release|Any CPU.Build.0 = Release|Any CPU
	EndGlobalSection
	GlobalSection(SolutionProperties) = preSolution
		HideSolutionNode = FALSE
	EndGlobalSection
	GlobalSection(ExtensibilityGlobals) = postSolution
		SolutionGuid = {465B84D8-FBEA-4465-80FC-40788386B9DE}
	EndGlobalSection
EndGlobal
